// !$*UTF8*$!
{
	archiveVersion = 1;
	classes = {
	};
	objectVersion = 56;
	objects = {

/* Begin PBXBuildFile section */
		100000000000000000000001 /* TetherApp.swift in Sources */ = {isa = PBXBuildFile; fileRef = 110000000000000000000001 /* TetherApp.swift */; };
		100000000000000000000002 /* RootView.swift in Sources */ = {isa = PBXBuildFile; fileRef = 110000000000000000000002 /* RootView.swift */; };
		100000000000000000000003 /* Assets.xcassets in Resources */ = {isa = PBXBuildFile; fileRef = 110000000000000000000003 /* Assets.xcassets */; };
		100000000000000000000004 /* HabitDraftTests.swift in Sources */ = {isa = PBXBuildFile; fileRef = 110000000000000000000004 /* HabitDraftTests.swift */; };
		100000000000000000000005 /* TetherUITests.swift in Sources */ = {isa = PBXBuildFile; fileRef = 110000000000000000000005 /* TetherUITests.swift */; };
		100000000000000000000006 /* CheckInState.swift in Sources */ = {isa = PBXBuildFile; fileRef = 110000000000000000000009 /* CheckInState.swift */; };
		100000000000000000000007 /* Habit.swift in Sources */ = {isa = PBXBuildFile; fileRef = 11000000000000000000000A /* Habit.swift */; };
		100000000000000000000008 /* HabitDraft.swift in Sources */ = {isa = PBXBuildFile; fileRef = 11000000000000000000000B /* HabitDraft.swift */; };
		100000000000000000000009 /* AppCopy.swift in Sources */ = {isa = PBXBuildFile; fileRef = 11000000000000000000000C /* AppCopy.swift */; };
		10000000000000000000000A /* LocalDayTests.swift in Sources */ = {isa = PBXBuildFile; fileRef = 11000000000000000000000D /* LocalDayTests.swift */; };
		10000000000000000000000B /* TetherCalculatorTests.swift in Sources */ = {isa = PBXBuildFile; fileRef = 11000000000000000000000E /* TetherCalculatorTests.swift */; };
		10000000000000000000000C /* DayProviding.swift in Sources */ = {isa = PBXBuildFile; fileRef = 11000000000000000000000F /* DayProviding.swift */; };
		10000000000000000000000D /* LocalDay.swift in Sources */ = {isa = PBXBuildFile; fileRef = 110000000000000000000010 /* LocalDay.swift */; };
		10000000000000000000000E /* DailyCheckIn.swift in Sources */ = {isa = PBXBuildFile; fileRef = 110000000000000000000011 /* DailyCheckIn.swift */; };
		10000000000000000000000F /* ConnectionPhase.swift in Sources */ = {isa = PBXBuildFile; fileRef = 110000000000000000000012 /* ConnectionPhase.swift */; };
		100000000000000000000010 /* TetherSnapshot.swift in Sources */ = {isa = PBXBuildFile; fileRef = 110000000000000000000013 /* TetherSnapshot.swift */; };
		100000000000000000000011 /* TetherCalculator.swift in Sources */ = {isa = PBXBuildFile; fileRef = 110000000000000000000014 /* TetherCalculator.swift */; };
		100000000000000000000012 /* SwiftDataTetherStoreTests.swift in Sources */ = {isa = PBXBuildFile; fileRef = 110000000000000000000015 /* SwiftDataTetherStoreTests.swift */; };
		100000000000000000000013 /* HabitModel.swift in Sources */ = {isa = PBXBuildFile; fileRef = 110000000000000000000016 /* HabitModel.swift */; };
		100000000000000000000014 /* DailyCheckInModel.swift in Sources */ = {isa = PBXBuildFile; fileRef = 110000000000000000000017 /* DailyCheckInModel.swift */; };
		100000000000000000000015 /* TetherSchema.swift in Sources */ = {isa = PBXBuildFile; fileRef = 110000000000000000000018 /* TetherSchema.swift */; };
		100000000000000000000016 /* TetherStore.swift in Sources */ = {isa = PBXBuildFile; fileRef = 110000000000000000000019 /* TetherStore.swift */; };
		100000000000000000000017 /* SwiftDataTetherStore.swift in Sources */ = {isa = PBXBuildFile; fileRef = 11000000000000000000001A /* SwiftDataTetherStore.swift */; };
		100000000000000000000018 /* OnboardingViewModelTests.swift in Sources */ = {isa = PBXBuildFile; fileRef = 11000000000000000000001B /* OnboardingViewModelTests.swift */; };
		100000000000000000000019 /* OnboardingUITests.swift in Sources */ = {isa = PBXBuildFile; fileRef = 11000000000000000000001C /* OnboardingUITests.swift */; };
		10000000000000000000001A /* AppEnvironment.swift in Sources */ = {isa = PBXBuildFile; fileRef = 11000000000000000000001D /* AppEnvironment.swift */; };
		10000000000000000000001B /* AppModel.swift in Sources */ = {isa = PBXBuildFile; fileRef = 11000000000000000000001E /* AppModel.swift */; };
		10000000000000000000001C /* WelcomeView.swift in Sources */ = {isa = PBXBuildFile; fileRef = 11000000000000000000001F /* WelcomeView.swift */; };
		10000000000000000000001D /* HabitSetupView.swift in Sources */ = {isa = PBXBuildFile; fileRef = 110000000000000000000020 /* HabitSetupView.swift */; };
		10000000000000000000001E /* OnboardingViewModel.swift in Sources */ = {isa = PBXBuildFile; fileRef = 110000000000000000000021 /* OnboardingViewModel.swift */; };
		10000000000000000000001F /* ErrorBanner.swift in Sources */ = {isa = PBXBuildFile; fileRef = 110000000000000000000022 /* ErrorBanner.swift */; };
		100000000000000000000020 /* TodayViewModelTests.swift in Sources */ = {isa = PBXBuildFile; fileRef = 110000000000000000000023 /* TodayViewModelTests.swift */; };
		100000000000000000000021 /* TodayUITests.swift in Sources */ = {isa = PBXBuildFile; fileRef = 110000000000000000000024 /* TodayUITests.swift */; };
		100000000000000000000022 /* TodayViewModel.swift in Sources */ = {isa = PBXBuildFile; fileRef = 110000000000000000000025 /* TodayViewModel.swift */; };
		100000000000000000000023 /* TodayView.swift in Sources */ = {isa = PBXBuildFile; fileRef = 110000000000000000000026 /* TodayView.swift */; };
		100000000000000000000024 /* CheckInButton.swift in Sources */ = {isa = PBXBuildFile; fileRef = 110000000000000000000027 /* CheckInButton.swift */; };
		100000000000000000000042 /* TodayTetherSummary.swift in Sources */ = {isa = PBXBuildFile; fileRef = 110000000000000000000042 /* TodayTetherSummary.swift */; };
		100000000000000000000043 /* CheckInStateGrid.swift in Sources */ = {isa = PBXBuildFile; fileRef = 110000000000000000000043 /* CheckInStateGrid.swift */; };
		100000000000000000000025 /* HistoryBuilderTests.swift in Sources */ = {isa = PBXBuildFile; fileRef = 110000000000000000000028 /* HistoryBuilderTests.swift */; };
		100000000000000000000026 /* HistoryDay.swift in Sources */ = {isa = PBXBuildFile; fileRef = 110000000000000000000029 /* HistoryDay.swift */; };
		100000000000000000000027 /* HistorySummary.swift in Sources */ = {isa = PBXBuildFile; fileRef = 11000000000000000000002A /* HistorySummary.swift */; };
		100000000000000000000028 /* HistoryBuilder.swift in Sources */ = {isa = PBXBuildFile; fileRef = 11000000000000000000002B /* HistoryBuilder.swift */; };
		100000000000000000000029 /* HistoryViewModelTests.swift in Sources */ = {isa = PBXBuildFile; fileRef = 11000000000000000000002C /* HistoryViewModelTests.swift */; };
		10000000000000000000002A /* HistoryViewModel.swift in Sources */ = {isa = PBXBuildFile; fileRef = 11000000000000000000002D /* HistoryViewModel.swift */; };
		10000000000000000000002B /* HistoryUITests.swift in Sources */ = {isa = PBXBuildFile; fileRef = 11000000000000000000002E /* HistoryUITests.swift */; };
		10000000000000000000002C /* HistoryView.swift in Sources */ = {isa = PBXBuildFile; fileRef = 11000000000000000000002F /* HistoryView.swift */; };
		10000000000000000000002D /* HistoryDayRow.swift in Sources */ = {isa = PBXBuildFile; fileRef = 110000000000000000000030 /* HistoryDayRow.swift */; };
		10000000000000000000002E /* SettingsViewModelTests.swift in Sources */ = {isa = PBXBuildFile; fileRef = 110000000000000000000031 /* SettingsViewModelTests.swift */; };
		10000000000000000000002F /* SettingsViewModel.swift in Sources */ = {isa = PBXBuildFile; fileRef = 110000000000000000000032 /* SettingsViewModel.swift */; };
		100000000000000000000030 /* SettingsUITests.swift in Sources */ = {isa = PBXBuildFile; fileRef = 110000000000000000000033 /* SettingsUITests.swift */; };
		100000000000000000000031 /* SettingsView.swift in Sources */ = {isa = PBXBuildFile; fileRef = 110000000000000000000034 /* SettingsView.swift */; };
		100000000000000000000032 /* HabitEditView.swift in Sources */ = {isa = PBXBuildFile; fileRef = 110000000000000000000035 /* HabitEditView.swift */; };
		100000000000000000000033 /* ReminderPlanBuilderTests.swift in Sources */ = {isa = PBXBuildFile; fileRef = 110000000000000000000036 /* ReminderPlanBuilderTests.swift */; };
		100000000000000000000034 /* UserDefaultsReminderSettingsStoreTests.swift in Sources */ = {isa = PBXBuildFile; fileRef = 110000000000000000000037 /* UserDefaultsReminderSettingsStoreTests.swift */; };
		100000000000000000000035 /* NotificationPermission.swift in Sources */ = {isa = PBXBuildFile; fileRef = 110000000000000000000038 /* NotificationPermission.swift */; };
		100000000000000000000036 /* ReminderSettings.swift in Sources */ = {isa = PBXBuildFile; fileRef = 110000000000000000000039 /* ReminderSettings.swift */; };
		100000000000000000000037 /* ReminderPlan.swift in Sources */ = {isa = PBXBuildFile; fileRef = 11000000000000000000003A /* ReminderPlan.swift */; };
		100000000000000000000038 /* ReminderPlanBuilder.swift in Sources */ = {isa = PBXBuildFile; fileRef = 11000000000000000000003B /* ReminderPlanBuilder.swift */; };
		100000000000000000000039 /* ReminderScheduling.swift in Sources */ = {isa = PBXBuildFile; fileRef = 11000000000000000000003C /* ReminderScheduling.swift */; };
		10000000000000000000003A /* ReminderSettingsStoring.swift in Sources */ = {isa = PBXBuildFile; fileRef = 11000000000000000000003D /* ReminderSettingsStoring.swift */; };
		10000000000000000000003B /* UserDefaultsReminderSettingsStore.swift in Sources */ = {isa = PBXBuildFile; fileRef = 11000000000000000000003E /* UserDefaultsReminderSettingsStore.swift */; };
		10000000000000000000003C /* UserNotificationReminderScheduler.swift in Sources */ = {isa = PBXBuildFile; fileRef = 11000000000000000000003F /* UserNotificationReminderScheduler.swift */; };
		10000000000000000000003D /* ReminderIntegrationTests.swift in Sources */ = {isa = PBXBuildFile; fileRef = 110000000000000000000040 /* ReminderIntegrationTests.swift */; };
		10000000000000000000003E /* LifecycleRegressionTests.swift in Sources */ = {isa = PBXBuildFile; fileRef = 110000000000000000000041 /* LifecycleRegressionTests.swift */; };
/* End PBXBuildFile section */

/* Begin PBXContainerItemProxy section */
		120000000000000000000001 /* PBXContainerItemProxy */ = {
			isa = PBXContainerItemProxy;
			containerPortal = 190000000000000000000001 /* Project object */;
			proxyType = 1;
			remoteGlobalIDString = 180000000000000000000001;
			remoteInfo = Tether;
		};
		120000000000000000000002 /* PBXContainerItemProxy */ = {
			isa = PBXContainerItemProxy;
			containerPortal = 190000000000000000000001 /* Project object */;
			proxyType = 1;
			remoteGlobalIDString = 180000000000000000000001;
			remoteInfo = Tether;
		};
/* End PBXContainerItemProxy section */

/* Begin PBXFileReference section */
		110000000000000000000001 /* TetherApp.swift */ = {isa = PBXFileReference; lastKnownFileType = sourcecode.swift; path = TetherApp.swift; sourceTree = "<group>"; };
		110000000000000000000002 /* RootView.swift */ = {isa = PBXFileReference; lastKnownFileType = sourcecode.swift; path = RootView.swift; sourceTree = "<group>"; };
		110000000000000000000003 /* Assets.xcassets */ = {isa = PBXFileReference; lastKnownFileType = folder.assetcatalog; path = Assets.xcassets; sourceTree = "<group>"; };
		110000000000000000000004 /* HabitDraftTests.swift */ = {isa = PBXFileReference; lastKnownFileType = sourcecode.swift; path = HabitDraftTests.swift; sourceTree = "<group>"; };
		110000000000000000000005 /* TetherUITests.swift */ = {isa = PBXFileReference; lastKnownFileType = sourcecode.swift; path = TetherUITests.swift; sourceTree = "<group>"; };
		110000000000000000000006 /* Tether.app */ = {isa = PBXFileReference; explicitFileType = wrapper.application; includeInIndex = 0; path = Tether.app; sourceTree = BUILT_PRODUCTS_DIR; };
		110000000000000000000007 /* TetherTests.xctest */ = {isa = PBXFileReference; explicitFileType = wrapper.cfbundle; includeInIndex = 0; path = TetherTests.xctest; sourceTree = BUILT_PRODUCTS_DIR; };
		110000000000000000000008 /* TetherUITests.xctest */ = {isa = PBXFileReference; explicitFileType = wrapper.cfbundle; includeInIndex = 0; path = TetherUITests.xctest; sourceTree = BUILT_PRODUCTS_DIR; };
		110000000000000000000009 /* CheckInState.swift */ = {isa = PBXFileReference; lastKnownFileType = sourcecode.swift; path = CheckInState.swift; sourceTree = "<group>"; };
		11000000000000000000000A /* Habit.swift */ = {isa = PBXFileReference; lastKnownFileType = sourcecode.swift; path = Habit.swift; sourceTree = "<group>"; };
		11000000000000000000000B /* HabitDraft.swift */ = {isa = PBXFileReference; lastKnownFileType = sourcecode.swift; path = HabitDraft.swift; sourceTree = "<group>"; };
		11000000000000000000000C /* AppCopy.swift */ = {isa = PBXFileReference; lastKnownFileType = sourcecode.swift; path = AppCopy.swift; sourceTree = "<group>"; };
		11000000000000000000000D /* LocalDayTests.swift */ = {isa = PBXFileReference; lastKnownFileType = sourcecode.swift; path = LocalDayTests.swift; sourceTree = "<group>"; };
		11000000000000000000000E /* TetherCalculatorTests.swift */ = {isa = PBXFileReference; lastKnownFileType = sourcecode.swift; path = TetherCalculatorTests.swift; sourceTree = "<group>"; };
		11000000000000000000000F /* DayProviding.swift */ = {isa = PBXFileReference; lastKnownFileType = sourcecode.swift; path = DayProviding.swift; sourceTree = "<group>"; };
		110000000000000000000010 /* LocalDay.swift */ = {isa = PBXFileReference; lastKnownFileType = sourcecode.swift; path = LocalDay.swift; sourceTree = "<group>"; };
		110000000000000000000011 /* DailyCheckIn.swift */ = {isa = PBXFileReference; lastKnownFileType = sourcecode.swift; path = DailyCheckIn.swift; sourceTree = "<group>"; };
		110000000000000000000012 /* ConnectionPhase.swift */ = {isa = PBXFileReference; lastKnownFileType = sourcecode.swift; path = ConnectionPhase.swift; sourceTree = "<group>"; };
		110000000000000000000013 /* TetherSnapshot.swift */ = {isa = PBXFileReference; lastKnownFileType = sourcecode.swift; path = TetherSnapshot.swift; sourceTree = "<group>"; };
		110000000000000000000014 /* TetherCalculator.swift */ = {isa = PBXFileReference; lastKnownFileType = sourcecode.swift; path = TetherCalculator.swift; sourceTree = "<group>"; };
		110000000000000000000015 /* SwiftDataTetherStoreTests.swift */ = {isa = PBXFileReference; lastKnownFileType = sourcecode.swift; path = SwiftDataTetherStoreTests.swift; sourceTree = "<group>"; };
		110000000000000000000016 /* HabitModel.swift */ = {isa = PBXFileReference; lastKnownFileType = sourcecode.swift; path = HabitModel.swift; sourceTree = "<group>"; };
		110000000000000000000017 /* DailyCheckInModel.swift */ = {isa = PBXFileReference; lastKnownFileType = sourcecode.swift; path = DailyCheckInModel.swift; sourceTree = "<group>"; };
		110000000000000000000018 /* TetherSchema.swift */ = {isa = PBXFileReference; lastKnownFileType = sourcecode.swift; path = TetherSchema.swift; sourceTree = "<group>"; };
		110000000000000000000019 /* TetherStore.swift */ = {isa = PBXFileReference; lastKnownFileType = sourcecode.swift; path = TetherStore.swift; sourceTree = "<group>"; };
		11000000000000000000001A /* SwiftDataTetherStore.swift */ = {isa = PBXFileReference; lastKnownFileType = sourcecode.swift; path = SwiftDataTetherStore.swift; sourceTree = "<group>"; };
		11000000000000000000001B /* OnboardingViewModelTests.swift */ = {isa = PBXFileReference; lastKnownFileType = sourcecode.swift; path = OnboardingViewModelTests.swift; sourceTree = "<group>"; };
		11000000000000000000001C /* OnboardingUITests.swift */ = {isa = PBXFileReference; lastKnownFileType = sourcecode.swift; path = OnboardingUITests.swift; sourceTree = "<group>"; };
		11000000000000000000001D /* AppEnvironment.swift */ = {isa = PBXFileReference; lastKnownFileType = sourcecode.swift; path = AppEnvironment.swift; sourceTree = "<group>"; };
		11000000000000000000001E /* AppModel.swift */ = {isa = PBXFileReference; lastKnownFileType = sourcecode.swift; path = AppModel.swift; sourceTree = "<group>"; };
		11000000000000000000001F /* WelcomeView.swift */ = {isa = PBXFileReference; lastKnownFileType = sourcecode.swift; path = WelcomeView.swift; sourceTree = "<group>"; };
		110000000000000000000020 /* HabitSetupView.swift */ = {isa = PBXFileReference; lastKnownFileType = sourcecode.swift; path = HabitSetupView.swift; sourceTree = "<group>"; };
		110000000000000000000021 /* OnboardingViewModel.swift */ = {isa = PBXFileReference; lastKnownFileType = sourcecode.swift; path = OnboardingViewModel.swift; sourceTree = "<group>"; };
		110000000000000000000022 /* ErrorBanner.swift */ = {isa = PBXFileReference; lastKnownFileType = sourcecode.swift; path = ErrorBanner.swift; sourceTree = "<group>"; };
		110000000000000000000023 /* TodayViewModelTests.swift */ = {isa = PBXFileReference; lastKnownFileType = sourcecode.swift; path = TodayViewModelTests.swift; sourceTree = "<group>"; };
		110000000000000000000024 /* TodayUITests.swift */ = {isa = PBXFileReference; lastKnownFileType = sourcecode.swift; path = TodayUITests.swift; sourceTree = "<group>"; };
		110000000000000000000025 /* TodayViewModel.swift */ = {isa = PBXFileReference; lastKnownFileType = sourcecode.swift; path = TodayViewModel.swift; sourceTree = "<group>"; };
		110000000000000000000026 /* TodayView.swift */ = {isa = PBXFileReference; lastKnownFileType = sourcecode.swift; path = TodayView.swift; sourceTree = "<group>"; };
		110000000000000000000027 /* CheckInButton.swift */ = {isa = PBXFileReference; lastKnownFileType = sourcecode.swift; path = CheckInButton.swift; sourceTree = "<group>"; };
		110000000000000000000042 /* TodayTetherSummary.swift */ = {isa = PBXFileReference; lastKnownFileType = sourcecode.swift; path = TodayTetherSummary.swift; sourceTree = "<group>"; };
		110000000000000000000043 /* CheckInStateGrid.swift */ = {isa = PBXFileReference; lastKnownFileType = sourcecode.swift; path = CheckInStateGrid.swift; sourceTree = "<group>"; };
		110000000000000000000028 /* HistoryBuilderTests.swift */ = {isa = PBXFileReference; lastKnownFileType = sourcecode.swift; path = HistoryBuilderTests.swift; sourceTree = "<group>"; };
		110000000000000000000029 /* HistoryDay.swift */ = {isa = PBXFileReference; lastKnownFileType = sourcecode.swift; path = HistoryDay.swift; sourceTree = "<group>"; };
		11000000000000000000002A /* HistorySummary.swift */ = {isa = PBXFileReference; lastKnownFileType = sourcecode.swift; path = HistorySummary.swift; sourceTree = "<group>"; };
		11000000000000000000002B /* HistoryBuilder.swift */ = {isa = PBXFileReference; lastKnownFileType = sourcecode.swift; path = HistoryBuilder.swift; sourceTree = "<group>"; };
		11000000000000000000002C /* HistoryViewModelTests.swift */ = {isa = PBXFileReference; lastKnownFileType = sourcecode.swift; path = HistoryViewModelTests.swift; sourceTree = "<group>"; };
		11000000000000000000002D /* HistoryViewModel.swift */ = {isa = PBXFileReference; lastKnownFileType = sourcecode.swift; path = HistoryViewModel.swift; sourceTree = "<group>"; };
		11000000000000000000002E /* HistoryUITests.swift */ = {isa = PBXFileReference; lastKnownFileType = sourcecode.swift; path = HistoryUITests.swift; sourceTree = "<group>"; };
		11000000000000000000002F /* HistoryView.swift */ = {isa = PBXFileReference; lastKnownFileType = sourcecode.swift; path = HistoryView.swift; sourceTree = "<group>"; };
		110000000000000000000030 /* HistoryDayRow.swift */ = {isa = PBXFileReference; lastKnownFileType = sourcecode.swift; path = HistoryDayRow.swift; sourceTree = "<group>"; };
		110000000000000000000031 /* SettingsViewModelTests.swift */ = {isa = PBXFileReference; lastKnownFileType = sourcecode.swift; path = SettingsViewModelTests.swift; sourceTree = "<group>"; };
		110000000000000000000032 /* SettingsViewModel.swift */ = {isa = PBXFileReference; lastKnownFileType = sourcecode.swift; path = SettingsViewModel.swift; sourceTree = "<group>"; };
		110000000000000000000033 /* SettingsUITests.swift */ = {isa = PBXFileReference; lastKnownFileType = sourcecode.swift; path = SettingsUITests.swift; sourceTree = "<group>"; };
		110000000000000000000034 /* SettingsView.swift */ = {isa = PBXFileReference; lastKnownFileType = sourcecode.swift; path = SettingsView.swift; sourceTree = "<group>"; };
		110000000000000000000035 /* HabitEditView.swift */ = {isa = PBXFileReference; lastKnownFileType = sourcecode.swift; path = HabitEditView.swift; sourceTree = "<group>"; };
		110000000000000000000036 /* ReminderPlanBuilderTests.swift */ = {isa = PBXFileReference; lastKnownFileType = sourcecode.swift; path = ReminderPlanBuilderTests.swift; sourceTree = "<group>"; };
		110000000000000000000037 /* UserDefaultsReminderSettingsStoreTests.swift */ = {isa = PBXFileReference; lastKnownFileType = sourcecode.swift; path = UserDefaultsReminderSettingsStoreTests.swift; sourceTree = "<group>"; };
		110000000000000000000038 /* NotificationPermission.swift */ = {isa = PBXFileReference; lastKnownFileType = sourcecode.swift; path = NotificationPermission.swift; sourceTree = "<group>"; };
		110000000000000000000039 /* ReminderSettings.swift */ = {isa = PBXFileReference; lastKnownFileType = sourcecode.swift; path = ReminderSettings.swift; sourceTree = "<group>"; };
		11000000000000000000003A /* ReminderPlan.swift */ = {isa = PBXFileReference; lastKnownFileType = sourcecode.swift; path = ReminderPlan.swift; sourceTree = "<group>"; };
		11000000000000000000003B /* ReminderPlanBuilder.swift */ = {isa = PBXFileReference; lastKnownFileType = sourcecode.swift; path = ReminderPlanBuilder.swift; sourceTree = "<group>"; };
		11000000000000000000003C /* ReminderScheduling.swift */ = {isa = PBXFileReference; lastKnownFileType = sourcecode.swift; path = ReminderScheduling.swift; sourceTree = "<group>"; };
		11000000000000000000003D /* ReminderSettingsStoring.swift */ = {isa = PBXFileReference; lastKnownFileType = sourcecode.swift; path = ReminderSettingsStoring.swift; sourceTree = "<group>"; };
		11000000000000000000003E /* UserDefaultsReminderSettingsStore.swift */ = {isa = PBXFileReference; lastKnownFileType = sourcecode.swift; path = UserDefaultsReminderSettingsStore.swift; sourceTree = "<group>"; };
		11000000000000000000003F /* UserNotificationReminderScheduler.swift */ = {isa = PBXFileReference; lastKnownFileType = sourcecode.swift; path = UserNotificationReminderScheduler.swift; sourceTree = "<group>"; };
		110000000000000000000040 /* ReminderIntegrationTests.swift */ = {isa = PBXFileReference; lastKnownFileType = sourcecode.swift; path = ReminderIntegrationTests.swift; sourceTree = "<group>"; };
		110000000000000000000041 /* LifecycleRegressionTests.swift */ = {isa = PBXFileReference; lastKnownFileType = sourcecode.swift; path = LifecycleRegressionTests.swift; sourceTree = "<group>"; };
/* End PBXFileReference section */

/* Begin PBXFrameworksBuildPhase section */
		130000000000000000000001 /* Frameworks */ = {
			isa = PBXFrameworksBuildPhase;
			buildActionMask = 2147483647;
			files = (
			);
			runOnlyForDeploymentPostprocessing = 0;
		};
		130000000000000000000002 /* Frameworks */ = {
			isa = PBXFrameworksBuildPhase;
			buildActionMask = 2147483647;
			files = (
			);
			runOnlyForDeploymentPostprocessing = 0;
		};
		130000000000000000000003 /* Frameworks */ = {
			isa = PBXFrameworksBuildPhase;
			buildActionMask = 2147483647;
			files = (
			);
			runOnlyForDeploymentPostprocessing = 0;
		};
/* End PBXFrameworksBuildPhase section */

/* Begin PBXGroup section */
		140000000000000000000001 = {
			isa = PBXGroup;
			children = (
				140000000000000000000002 /* Tether */,
				140000000000000000000005 /* TetherTests */,
				140000000000000000000007 /* TetherUITests */,
				140000000000000000000008 /* Products */,
			);
			sourceTree = "<group>";
		};
		140000000000000000000002 /* Tether */ = {
			isa = PBXGroup;
			children = (
				140000000000000000000003 /* App */,
				140000000000000000000009 /* Core */,
				140000000000000000000010 /* Data */,
				14000000000000000000001A /* Services */,
				140000000000000000000013 /* Features */,
				14000000000000000000000C /* Shared */,
				140000000000000000000004 /* Resources */,
			);
			path = Tether;
			sourceTree = "<group>";
		};
		140000000000000000000003 /* App */ = {
			isa = PBXGroup;
			children = (
				110000000000000000000001 /* TetherApp.swift */,
				110000000000000000000002 /* RootView.swift */,
				11000000000000000000001D /* AppEnvironment.swift */,
				11000000000000000000001E /* AppModel.swift */,
			);
			path = App;
			sourceTree = "<group>";
		};
		140000000000000000000004 /* Resources */ = {
			isa = PBXGroup;
			children = (
				110000000000000000000003 /* Assets.xcassets */,
			);
			path = Resources;
			sourceTree = "<group>";
		};
		140000000000000000000005 /* TetherTests */ = {
			isa = PBXGroup;
			children = (
				140000000000000000000006 /* Core */,
				14000000000000000000000F /* Data */,
				140000000000000000000012 /* Features */,
				140000000000000000000019 /* Services */,
			);
			path = TetherTests;
			sourceTree = "<group>";
		};
		140000000000000000000006 /* Core */ = {
			isa = PBXGroup;
			children = (
				110000000000000000000004 /* HabitDraftTests.swift */,
				11000000000000000000000D /* LocalDayTests.swift */,
				11000000000000000000000E /* TetherCalculatorTests.swift */,
				110000000000000000000028 /* HistoryBuilderTests.swift */,
			);
			path = Core;
			sourceTree = "<group>";
		};
		140000000000000000000007 /* TetherUITests */ = {
			isa = PBXGroup;
			children = (
				110000000000000000000005 /* TetherUITests.swift */,
				11000000000000000000001C /* OnboardingUITests.swift */,
				110000000000000000000024 /* TodayUITests.swift */,
				11000000000000000000002E /* HistoryUITests.swift */,
				110000000000000000000033 /* SettingsUITests.swift */,
			);
			path = TetherUITests;
			sourceTree = "<group>";
		};
		140000000000000000000008 /* Products */ = {
			isa = PBXGroup;
			children = (
				110000000000000000000006 /* Tether.app */,
				110000000000000000000007 /* TetherTests.xctest */,
				110000000000000000000008 /* TetherUITests.xctest */,
			);
			name = Products;
			sourceTree = "<group>";
		};
		140000000000000000000009 /* Core */ = {
			isa = PBXGroup;
			children = (
				14000000000000000000000D /* Date */,
				14000000000000000000000A /* CheckIn */,
				14000000000000000000000B /* Habit */,
				14000000000000000000000E /* Tether */,
				140000000000000000000016 /* History */,
			);
			path = Core;
			sourceTree = "<group>";
		};
		14000000000000000000000A /* CheckIn */ = {
			isa = PBXGroup;
			children = (
				110000000000000000000009 /* CheckInState.swift */,
				110000000000000000000011 /* DailyCheckIn.swift */,
			);
			path = CheckIn;
			sourceTree = "<group>";
		};
		14000000000000000000000B /* Habit */ = {
			isa = PBXGroup;
			children = (
				11000000000000000000000A /* Habit.swift */,
				11000000000000000000000B /* HabitDraft.swift */,
			);
			path = Habit;
			sourceTree = "<group>";
		};
		14000000000000000000000C /* Shared */ = {
			isa = PBXGroup;
			children = (
				11000000000000000000000C /* AppCopy.swift */,
				110000000000000000000022 /* ErrorBanner.swift */,
			);
			path = Shared;
			sourceTree = "<group>";
		};
		14000000000000000000000D /* Date */ = {
			isa = PBXGroup;
			children = (
				11000000000000000000000F /* DayProviding.swift */,
				110000000000000000000010 /* LocalDay.swift */,
			);
			path = Date;
			sourceTree = "<group>";
		};
		14000000000000000000000E /* Tether */ = {
			isa = PBXGroup;
			children = (
				110000000000000000000012 /* ConnectionPhase.swift */,
				110000000000000000000013 /* TetherSnapshot.swift */,
				110000000000000000000014 /* TetherCalculator.swift */,
			);
			path = Tether;
			sourceTree = "<group>";
		};
		140000000000000000000016 /* History */ = {
			isa = PBXGroup;
			children = (
				110000000000000000000029 /* HistoryDay.swift */,
				11000000000000000000002A /* HistorySummary.swift */,
				11000000000000000000002B /* HistoryBuilder.swift */,
			);
			path = History;
			sourceTree = "<group>";
		};
		14000000000000000000000F /* Data */ = {
			isa = PBXGroup;
			children = (
				110000000000000000000015 /* SwiftDataTetherStoreTests.swift */,
			);
			path = Data;
			sourceTree = "<group>";
		};
		140000000000000000000012 /* Features */ = {
			isa = PBXGroup;
			children = (
				11000000000000000000001B /* OnboardingViewModelTests.swift */,
				110000000000000000000023 /* TodayViewModelTests.swift */,
				11000000000000000000002C /* HistoryViewModelTests.swift */,
				110000000000000000000031 /* SettingsViewModelTests.swift */,
				110000000000000000000040 /* ReminderIntegrationTests.swift */,
				110000000000000000000041 /* LifecycleRegressionTests.swift */,
			);
			path = Features;
			sourceTree = "<group>";
		};
		140000000000000000000019 /* Services */ = {
			isa = PBXGroup;
			children = (
				110000000000000000000036 /* ReminderPlanBuilderTests.swift */,
				110000000000000000000037 /* UserDefaultsReminderSettingsStoreTests.swift */,
			);
			path = Services;
			sourceTree = "<group>";
		};
		14000000000000000000001A /* Services */ = {
			isa = PBXGroup;
			children = (
				14000000000000000000001B /* Reminders */,
			);
			path = Services;
			sourceTree = "<group>";
		};
		14000000000000000000001B /* Reminders */ = {
			isa = PBXGroup;
			children = (
				110000000000000000000038 /* NotificationPermission.swift */,
				110000000000000000000039 /* ReminderSettings.swift */,
				11000000000000000000003A /* ReminderPlan.swift */,
				11000000000000000000003B /* ReminderPlanBuilder.swift */,
				11000000000000000000003C /* ReminderScheduling.swift */,
				11000000000000000000003D /* ReminderSettingsStoring.swift */,
				11000000000000000000003E /* UserDefaultsReminderSettingsStore.swift */,
				11000000000000000000003F /* UserNotificationReminderScheduler.swift */,
			);
			path = Reminders;
			sourceTree = "<group>";
		};
		140000000000000000000013 /* Features */ = {
			isa = PBXGroup;
			children = (
				140000000000000000000014 /* Onboarding */,
				140000000000000000000015 /* Today */,
				140000000000000000000017 /* History */,
				140000000000000000000018 /* Settings */,
			);
			path = Features;
			sourceTree = "<group>";
		};
		140000000000000000000014 /* Onboarding */ = {
			isa = PBXGroup;
			children = (
				11000000000000000000001F /* WelcomeView.swift */,
				110000000000000000000020 /* HabitSetupView.swift */,
				110000000000000000000021 /* OnboardingViewModel.swift */,
			);
			path = Onboarding;
			sourceTree = "<group>";
		};
		140000000000000000000015 /* Today */ = {
			isa = PBXGroup;
			children = (
				110000000000000000000025 /* TodayViewModel.swift */,
				110000000000000000000026 /* TodayView.swift */,
				110000000000000000000042 /* TodayTetherSummary.swift */,
				110000000000000000000043 /* CheckInStateGrid.swift */,
				110000000000000000000027 /* CheckInButton.swift */,
			);
			path = Today;
			sourceTree = "<group>";
		};
		140000000000000000000017 /* History */ = {
			isa = PBXGroup;
			children = (
				11000000000000000000002D /* HistoryViewModel.swift */,
				11000000000000000000002F /* HistoryView.swift */,
				110000000000000000000030 /* HistoryDayRow.swift */,
			);
			path = History;
			sourceTree = "<group>";
		};
		140000000000000000000018 /* Settings */ = {
			isa = PBXGroup;
			children = (
				110000000000000000000032 /* SettingsViewModel.swift */,
				110000000000000000000034 /* SettingsView.swift */,
				110000000000000000000035 /* HabitEditView.swift */,
			);
			path = Settings;
			sourceTree = "<group>";
		};
		140000000000000000000010 /* Data */ = {
			isa = PBXGroup;
			children = (
				140000000000000000000011 /* Models */,
				110000000000000000000018 /* TetherSchema.swift */,
				110000000000000000000019 /* TetherStore.swift */,
				11000000000000000000001A /* SwiftDataTetherStore.swift */,
			);
			path = Data;
			sourceTree = "<group>";
		};
		140000000000000000000011 /* Models */ = {
			isa = PBXGroup;
			children = (
				110000000000000000000016 /* HabitModel.swift */,
				110000000000000000000017 /* DailyCheckInModel.swift */,
			);
			path = Models;
			sourceTree = "<group>";
		};
/* End PBXGroup section */

/* Begin PBXNativeTarget section */
		180000000000000000000001 /* Tether */ = {
			isa = PBXNativeTarget;
			buildConfigurationList = 200000000000000000000002 /* Build configuration list for PBXNativeTarget "Tether" */;
			buildPhases = (
				150000000000000000000001 /* Sources */,
				130000000000000000000001 /* Frameworks */,
				160000000000000000000001 /* Resources */,
			);
			buildRules = (
			);
			dependencies = (
			);
			name = Tether;
			productName = Tether;
			productReference = 110000000000000000000006 /* Tether.app */;
			productType = "com.apple.product-type.application";
		};
		180000000000000000000002 /* TetherTests */ = {
			isa = PBXNativeTarget;
			buildConfigurationList = 200000000000000000000003 /* Build configuration list for PBXNativeTarget "TetherTests" */;
			buildPhases = (
				150000000000000000000002 /* Sources */,
				130000000000000000000002 /* Frameworks */,
				160000000000000000000002 /* Resources */,
			);
			buildRules = (
			);
			dependencies = (
				170000000000000000000001 /* PBXTargetDependency */,
			);
			name = TetherTests;
			productName = TetherTests;
			productReference = 110000000000000000000007 /* TetherTests.xctest */;
			productType = "com.apple.product-type.bundle.unit-test";
		};
		180000000000000000000003 /* TetherUITests */ = {
			isa = PBXNativeTarget;
			buildConfigurationList = 200000000000000000000004 /* Build configuration list for PBXNativeTarget "TetherUITests" */;
			buildPhases = (
				150000000000000000000003 /* Sources */,
				130000000000000000000003 /* Frameworks */,
				160000000000000000000003 /* Resources */,
			);
			buildRules = (
			);
			dependencies = (
				170000000000000000000002 /* PBXTargetDependency */,
			);
			name = TetherUITests;
			productName = TetherUITests;
			productReference = 110000000000000000000008 /* TetherUITests.xctest */;
			productType = "com.apple.product-type.bundle.ui-testing";
		};
/* End PBXNativeTarget section */

/* Begin PBXProject section */
		190000000000000000000001 /* Project object */ = {
			isa = PBXProject;
			attributes = {
				BuildIndependentTargetsInParallel = 1;
				LastSwiftUpdateCheck = 2650;
				LastUpgradeCheck = 2650;
				TargetAttributes = {
					180000000000000000000001 = {
						CreatedOnToolsVersion = 26.5;
					};
					180000000000000000000002 = {
						CreatedOnToolsVersion = 26.5;
						TestTargetID = 180000000000000000000001;
					};
					180000000000000000000003 = {
						CreatedOnToolsVersion = 26.5;
						TestTargetID = 180000000000000000000001;
					};
				};
			};
			buildConfigurationList = 200000000000000000000001 /* Build configuration list for PBXProject "Tether" */;
			compatibilityVersion = "Xcode 14.0";
			developmentRegion = en;
			hasScannedForEncodings = 0;
			knownRegions = (
				en,
				Base,
			);
			mainGroup = 140000000000000000000001;
			productRefGroup = 140000000000000000000008 /* Products */;
			projectDirPath = "";
			projectRoot = "";
			targets = (
				180000000000000000000001 /* Tether */,
				180000000000000000000002 /* TetherTests */,
				180000000000000000000003 /* TetherUITests */,
			);
		};
/* End PBXProject section */

/* Begin PBXResourcesBuildPhase section */
		160000000000000000000001 /* Resources */ = {
			isa = PBXResourcesBuildPhase;
			buildActionMask = 2147483647;
			files = (
				100000000000000000000003 /* Assets.xcassets in Resources */,
			);
			runOnlyForDeploymentPostprocessing = 0;
		};
		160000000000000000000002 /* Resources */ = {
			isa = PBXResourcesBuildPhase;
			buildActionMask = 2147483647;
			files = (
			);
			runOnlyForDeploymentPostprocessing = 0;
		};
		160000000000000000000003 /* Resources */ = {
			isa = PBXResourcesBuildPhase;
			buildActionMask = 2147483647;
			files = (
			);
			runOnlyForDeploymentPostprocessing = 0;
		};
/* End PBXResourcesBuildPhase section */

/* Begin PBXSourcesBuildPhase section */
		150000000000000000000001 /* Sources */ = {
			isa = PBXSourcesBuildPhase;
			buildActionMask = 2147483647;
			files = (
				100000000000000000000001 /* TetherApp.swift in Sources */,
				100000000000000000000002 /* RootView.swift in Sources */,
				100000000000000000000006 /* CheckInState.swift in Sources */,
				100000000000000000000007 /* Habit.swift in Sources */,
				100000000000000000000008 /* HabitDraft.swift in Sources */,
				100000000000000000000009 /* AppCopy.swift in Sources */,
				10000000000000000000000C /* DayProviding.swift in Sources */,
				10000000000000000000000D /* LocalDay.swift in Sources */,
				10000000000000000000000E /* DailyCheckIn.swift in Sources */,
				10000000000000000000000F /* ConnectionPhase.swift in Sources */,
				100000000000000000000010 /* TetherSnapshot.swift in Sources */,
				100000000000000000000011 /* TetherCalculator.swift in Sources */,
				100000000000000000000013 /* HabitModel.swift in Sources */,
				100000000000000000000014 /* DailyCheckInModel.swift in Sources */,
				100000000000000000000015 /* TetherSchema.swift in Sources */,
				100000000000000000000016 /* TetherStore.swift in Sources */,
				100000000000000000000017 /* SwiftDataTetherStore.swift in Sources */,
				10000000000000000000001A /* AppEnvironment.swift in Sources */,
				10000000000000000000001B /* AppModel.swift in Sources */,
				10000000000000000000001C /* WelcomeView.swift in Sources */,
				10000000000000000000001D /* HabitSetupView.swift in Sources */,
				10000000000000000000001E /* OnboardingViewModel.swift in Sources */,
				10000000000000000000001F /* ErrorBanner.swift in Sources */,
				100000000000000000000022 /* TodayViewModel.swift in Sources */,
				100000000000000000000023 /* TodayView.swift in Sources */,
				100000000000000000000042 /* TodayTetherSummary.swift in Sources */,
				100000000000000000000043 /* CheckInStateGrid.swift in Sources */,
				100000000000000000000024 /* CheckInButton.swift in Sources */,
				100000000000000000000026 /* HistoryDay.swift in Sources */,
				100000000000000000000027 /* HistorySummary.swift in Sources */,
				100000000000000000000028 /* HistoryBuilder.swift in Sources */,
				10000000000000000000002A /* HistoryViewModel.swift in Sources */,
				10000000000000000000002C /* HistoryView.swift in Sources */,
				10000000000000000000002D /* HistoryDayRow.swift in Sources */,
				10000000000000000000002F /* SettingsViewModel.swift in Sources */,
				100000000000000000000031 /* SettingsView.swift in Sources */,
				100000000000000000000032 /* HabitEditView.swift in Sources */,
				100000000000000000000035 /* NotificationPermission.swift in Sources */,
				100000000000000000000036 /* ReminderSettings.swift in Sources */,
				100000000000000000000037 /* ReminderPlan.swift in Sources */,
				100000000000000000000038 /* ReminderPlanBuilder.swift in Sources */,
				100000000000000000000039 /* ReminderScheduling.swift in Sources */,
				10000000000000000000003A /* ReminderSettingsStoring.swift in Sources */,
				10000000000000000000003B /* UserDefaultsReminderSettingsStore.swift in Sources */,
				10000000000000000000003C /* UserNotificationReminderScheduler.swift in Sources */,
			);
			runOnlyForDeploymentPostprocessing = 0;
		};
		150000000000000000000002 /* Sources */ = {
			isa = PBXSourcesBuildPhase;
			buildActionMask = 2147483647;
			files = (
				100000000000000000000004 /* HabitDraftTests.swift in Sources */,
				10000000000000000000000A /* LocalDayTests.swift in Sources */,
				10000000000000000000000B /* TetherCalculatorTests.swift in Sources */,
				100000000000000000000012 /* SwiftDataTetherStoreTests.swift in Sources */,
				100000000000000000000018 /* OnboardingViewModelTests.swift in Sources */,
				100000000000000000000020 /* TodayViewModelTests.swift in Sources */,
				100000000000000000000025 /* HistoryBuilderTests.swift in Sources */,
				100000000000000000000029 /* HistoryViewModelTests.swift in Sources */,
				10000000000000000000002E /* SettingsViewModelTests.swift in Sources */,
				100000000000000000000033 /* ReminderPlanBuilderTests.swift in Sources */,
				100000000000000000000034 /* UserDefaultsReminderSettingsStoreTests.swift in Sources */,
				10000000000000000000003D /* ReminderIntegrationTests.swift in Sources */,
				10000000000000000000003E /* LifecycleRegressionTests.swift in Sources */,
			);
			runOnlyForDeploymentPostprocessing = 0;
		};
		150000000000000000000003 /* Sources */ = {
			isa = PBXSourcesBuildPhase;
			buildActionMask = 2147483647;
			files = (
				100000000000000000000005 /* TetherUITests.swift in Sources */,
				100000000000000000000019 /* OnboardingUITests.swift in Sources */,
				100000000000000000000021 /* TodayUITests.swift in Sources */,
				10000000000000000000002B /* HistoryUITests.swift in Sources */,
				100000000000000000000030 /* SettingsUITests.swift in Sources */,
			);
			runOnlyForDeploymentPostprocessing = 0;
		};
/* End PBXSourcesBuildPhase section */

/* Begin PBXTargetDependency section */
		170000000000000000000001 /* PBXTargetDependency */ = {
			isa = PBXTargetDependency;
			target = 180000000000000000000001 /* Tether */;
			targetProxy = 120000000000000000000001 /* PBXContainerItemProxy */;
		};
		170000000000000000000002 /* PBXTargetDependency */ = {
			isa = PBXTargetDependency;
			target = 180000000000000000000001 /* Tether */;
			targetProxy = 120000000000000000000002 /* PBXContainerItemProxy */;
		};
/* End PBXTargetDependency section */

/* Begin XCBuildConfiguration section */
		210000000000000000000001 /* Debug */ = {
			isa = XCBuildConfiguration;
			buildSettings = {
				ALWAYS_SEARCH_USER_PATHS = NO;
				CLANG_ENABLE_MODULES = YES;
				CLANG_ENABLE_OBJC_ARC = YES;
				COPY_PHASE_STRIP = NO;
				DEBUG_INFORMATION_FORMAT = dwarf;
				ENABLE_TESTABILITY = YES;
				GCC_C_LANGUAGE_STANDARD = gnu17;
				GCC_OPTIMIZATION_LEVEL = 0;
				IPHONEOS_DEPLOYMENT_TARGET = 17.0;
				MTL_ENABLE_DEBUG_INFO = INCLUDE_SOURCE;
				ONLY_ACTIVE_ARCH = YES;
				SDKROOT = iphoneos;
				SWIFT_ACTIVE_COMPILATION_CONDITIONS = "DEBUG $(inherited)";
				SWIFT_OPTIMIZATION_LEVEL = "-Onone";
			};
			name = Debug;
		};
		210000000000000000000002 /* Release */ = {
			isa = XCBuildConfiguration;
			buildSettings = {
				ALWAYS_SEARCH_USER_PATHS = NO;
				CLANG_ENABLE_MODULES = YES;
				CLANG_ENABLE_OBJC_ARC = YES;
				COPY_PHASE_STRIP = NO;
				DEBUG_INFORMATION_FORMAT = "dwarf-with-dsym";
				ENABLE_NS_ASSERTIONS = NO;
				GCC_C_LANGUAGE_STANDARD = gnu17;
				IPHONEOS_DEPLOYMENT_TARGET = 17.0;
				MTL_ENABLE_DEBUG_INFO = NO;
				SDKROOT = iphoneos;
				SWIFT_COMPILATION_MODE = wholemodule;
			};
			name = Release;
		};
		210000000000000000000003 /* Debug */ = {
			isa = XCBuildConfiguration;
			buildSettings = {
				ASSETCATALOG_COMPILER_ACCENT_COLOR_NAME = AccentColor;
				CODE_SIGN_STYLE = Automatic;
				CURRENT_PROJECT_VERSION = 1;
				DEVELOPMENT_LANGUAGE = en;
				DEVELOPMENT_ASSET_PATHS = "";
				GENERATE_INFOPLIST_FILE = YES;
				INFOPLIST_KEY_CFBundleDisplayName = Tether;
				INFOPLIST_KEY_LSApplicationCategoryType = "public.app-category.healthcare-fitness";
				INFOPLIST_KEY_UIApplicationSceneManifest_Generation = YES;
				INFOPLIST_KEY_UILaunchScreen_Generation = YES;
				IPHONEOS_DEPLOYMENT_TARGET = 17.0;
				LD_RUNPATH_SEARCH_PATHS = (
					"$(inherited)",
					"@executable_path/Frameworks",
				);
				MARKETING_VERSION = 0.1;
				PRODUCT_BUNDLE_IDENTIFIER = com.fredjeong.tether;
				PRODUCT_NAME = Tether;
				SUPPORTED_PLATFORMS = "iphoneos iphonesimulator";
				SWIFT_EMIT_LOC_STRINGS = YES;
				SWIFT_STRICT_CONCURRENCY = complete;
				SWIFT_VERSION = 6.0;
				TARGETED_DEVICE_FAMILY = 1;
			};
			name = Debug;
		};
		210000000000000000000004 /* Release */ = {
			isa = XCBuildConfiguration;
			buildSettings = {
				ASSETCATALOG_COMPILER_ACCENT_COLOR_NAME = AccentColor;
				CODE_SIGN_STYLE = Automatic;
				CURRENT_PROJECT_VERSION = 1;
				DEVELOPMENT_LANGUAGE = en;
				DEVELOPMENT_ASSET_PATHS = "";
				GENERATE_INFOPLIST_FILE = YES;
				INFOPLIST_KEY_CFBundleDisplayName = Tether;
				INFOPLIST_KEY_LSApplicationCategoryType = "public.app-category.healthcare-fitness";
				INFOPLIST_KEY_UIApplicationSceneManifest_Generation = YES;
				INFOPLIST_KEY_UILaunchScreen_Generation = YES;
				IPHONEOS_DEPLOYMENT_TARGET = 17.0;
				LD_RUNPATH_SEARCH_PATHS = (
					"$(inherited)",
					"@executable_path/Frameworks",
				);
				MARKETING_VERSION = 0.1;
				PRODUCT_BUNDLE_IDENTIFIER = com.fredjeong.tether;
				PRODUCT_NAME = Tether;
				SUPPORTED_PLATFORMS = "iphoneos iphonesimulator";
				SWIFT_EMIT_LOC_STRINGS = YES;
				SWIFT_STRICT_CONCURRENCY = complete;
				SWIFT_VERSION = 6.0;
				TARGETED_DEVICE_FAMILY = 1;
			};
			name = Release;
		};
		210000000000000000000005 /* Debug */ = {
			isa = XCBuildConfiguration;
			buildSettings = {
				BUNDLE_LOADER = "$(TEST_HOST)";
				CODE_SIGN_STYLE = Automatic;
				CURRENT_PROJECT_VERSION = 1;
				GENERATE_INFOPLIST_FILE = YES;
				IPHONEOS_DEPLOYMENT_TARGET = 17.0;
				MARKETING_VERSION = 0.1;
				PRODUCT_BUNDLE_IDENTIFIER = com.fredjeong.tether.tests;
				PRODUCT_NAME = "$(TARGET_NAME)";
				SWIFT_STRICT_CONCURRENCY = complete;
				SWIFT_VERSION = 6.0;
				TARGETED_DEVICE_FAMILY = 1;
				TEST_HOST = "$(BUILT_PRODUCTS_DIR)/Tether.app/$(BUNDLE_EXECUTABLE_FOLDER_PATH)/Tether";
			};
			name = Debug;
		};
		210000000000000000000006 /* Release */ = {
			isa = XCBuildConfiguration;
			buildSettings = {
				BUNDLE_LOADER = "$(TEST_HOST)";
				CODE_SIGN_STYLE = Automatic;
				CURRENT_PROJECT_VERSION = 1;
				GENERATE_INFOPLIST_FILE = YES;
				IPHONEOS_DEPLOYMENT_TARGET = 17.0;
				MARKETING_VERSION = 0.1;
				PRODUCT_BUNDLE_IDENTIFIER = com.fredjeong.tether.tests;
				PRODUCT_NAME = "$(TARGET_NAME)";
				SWIFT_STRICT_CONCURRENCY = complete;
				SWIFT_VERSION = 6.0;
				TARGETED_DEVICE_FAMILY = 1;
				TEST_HOST = "$(BUILT_PRODUCTS_DIR)/Tether.app/$(BUNDLE_EXECUTABLE_FOLDER_PATH)/Tether";
			};
			name = Release;
		};
		210000000000000000000007 /* Debug */ = {
			isa = XCBuildConfiguration;
			buildSettings = {
				CODE_SIGN_STYLE = Automatic;
				CURRENT_PROJECT_VERSION = 1;
				GENERATE_INFOPLIST_FILE = YES;
				IPHONEOS_DEPLOYMENT_TARGET = 17.0;
				MARKETING_VERSION = 0.1;
				PRODUCT_BUNDLE_IDENTIFIER = com.fredjeong.tether.uitests;
				PRODUCT_NAME = "$(TARGET_NAME)";
				SWIFT_STRICT_CONCURRENCY = complete;
				SWIFT_VERSION = 6.0;
				TARGETED_DEVICE_FAMILY = 1;
				TEST_TARGET_NAME = Tether;
			};
			name = Debug;
		};
		210000000000000000000008 /* Release */ = {
			isa = XCBuildConfiguration;
			buildSettings = {
				CODE_SIGN_STYLE = Automatic;
				CURRENT_PROJECT_VERSION = 1;
				GENERATE_INFOPLIST_FILE = YES;
				IPHONEOS_DEPLOYMENT_TARGET = 17.0;
				MARKETING_VERSION = 0.1;
				PRODUCT_BUNDLE_IDENTIFIER = com.fredjeong.tether.uitests;
				PRODUCT_NAME = "$(TARGET_NAME)";
				SWIFT_STRICT_CONCURRENCY = complete;
				SWIFT_VERSION = 6.0;
				TARGETED_DEVICE_FAMILY = 1;
				TEST_TARGET_NAME = Tether;
			};
			name = Release;
		};
/* End XCBuildConfiguration section */

/* Begin XCConfigurationList section */
		200000000000000000000001 /* Build configuration list for PBXProject "Tether" */ = {
			isa = XCConfigurationList;
			buildConfigurations = (
				210000000000000000000001 /* Debug */,
				210000000000000000000002 /* Release */,
			);
			defaultConfigurationIsVisible = 0;
			defaultConfigurationName = Release;
		};
		200000000000000000000002 /* Build configuration list for PBXNativeTarget "Tether" */ = {
			isa = XCConfigurationList;
			buildConfigurations = (
				210000000000000000000003 /* Debug */,
				210000000000000000000004 /* Release */,
			);
			defaultConfigurationIsVisible = 0;
			defaultConfigurationName = Release;
		};
		200000000000000000000003 /* Build configuration list for PBXNativeTarget "TetherTests" */ = {
			isa = XCConfigurationList;
			buildConfigurations = (
				210000000000000000000005 /* Debug */,
				210000000000000000000006 /* Release */,
			);
			defaultConfigurationIsVisible = 0;
			defaultConfigurationName = Release;
		};
		200000000000000000000004 /* Build configuration list for PBXNativeTarget "TetherUITests" */ = {
			isa = XCConfigurationList;
			buildConfigurations = (
				210000000000000000000007 /* Debug */,
				210000000000000000000008 /* Release */,
			);
			defaultConfigurationIsVisible = 0;
			defaultConfigurationName = Release;
		};
/* End XCConfigurationList section */
	};
	rootObject = 190000000000000000000001 /* Project object */;
}
